
Microsoft Visual Studio Solution File, Format Version 12.00
# Visual Studio Version 17
VisualStudioVersion = 17.1.32210.238
MinimumVisualStudioVersion = 10.0.40219.1
Project("{9A19103F-16F7-4668-BE54-9A1E7A4F7556}") = "MVCTwitterScraper", "MVCTwitterScraper.csproj", "{D1183958-BBD8-4515-9C7F-78C6884F4B98}"
EndProject
Global
	GlobalSection(SolutionConfigurationPlatforms) = preSolution
		Debug|Any CPU = Debug|Any CPU
		Release|Any CPU = Release|Any CPU
	EndGlobalSection
	GlobalSection(ProjectConfigurationPlatforms) = postSolution
		{D1183958-BBD8-4515-9C7F-78C6884F4B98}.Debug|Any CPU.ActiveCfg = Debug|Any CPU
		{D1183958-BBD8-4515-9C7F-78C6884F4B98}.Debug|Any CPU.Build.0 = Debug|Any CPU
		{D1183958-BBD8-4515-9C7F-78C6884F4B98}.Release|Any CPU.ActiveCfg = Release|Any CPU
		{D1183958-BBD8-4515-9C7F-78C6884F4B98}.Release|Any CPU.Build.0 = Release|Any CPU
	EndGlobalSection
	GlobalSection(SolutionProperties) = preSolution
		HideSolutionNode = FALSE
	EndGlobalSection
	GlobalSection(ExtensibilityGlobals) = postSolution
		SolutionGuid = {9462EDC4-71D0-4810-A893-65174C06B02B}
	EndGlobalSection
EndGlobal
